
Microsoft Visual Studio Solution File, Format Version 12.00
# Visual Studio 15
VisualStudioVersion = 15.0.26430.13
MinimumVisualStudioVersion = 10.0.40219.1
Project("{FAE04EC0-301F-11D3-BF4B-00C04F79EFBC}") = "Tabs.Android", "Tabs\Tabs.Android\Tabs.Android.csproj", "{45ED3191-4118-4C7F-A05B-32EEDAF06CCA}"
EndProject
Project("{FAE04EC0-301F-11D3-BF4B-00C04F79EFBC}") = "Tabs", "Tabs\Tabs\Tabs.csproj", "{F4B1706C-99B7-405F-93AA-104505C80163}"
EndProject
Project("{FAE04EC0-301F-11D3-BF4B-00C04F79EFBC}") = "Tabs.UWP", "Tabs\Tabs.UWP\Tabs.UWP.csproj", "{3E89D584-90E0-4EE6-A147-0521A73E37E0}"
EndProject
Project("{FAE04EC0-301F-11D3-BF4B-00C04F79EFBC}") = "Tabs.iOS", "Tabs\Tabs.iOS\Tabs.iOS.csproj", "{AD1D05D9-3031-49AC-A104-3CC47B3D0003}"
EndProject
Global
	GlobalSection(SolutionConfigurationPlatforms) = preSolution
		Ad-Hoc|Any CPU = Ad-Hoc|Any CPU
		Ad-Hoc|ARM = Ad-Hoc|ARM
		Ad-Hoc|iPhone = Ad-Hoc|iPhone
		Ad-Hoc|iPhoneSimulator = Ad-Hoc|iPhoneSimulator
		Ad-Hoc|x64 = Ad-Hoc|x64
		Ad-Hoc|x86 = Ad-Hoc|x86
		AppStore|Any CPU = AppStore|Any CPU
		AppStore|ARM = AppStore|ARM
		AppStore|iPhone = AppStore|iPhone
		AppStore|iPhoneSimulator = AppStore|iPhoneSimulator
		AppStore|x64 = AppStore|x64
		AppStore|x86 = AppStore|x86
		Debug|Any CPU = Debug|Any CPU
		Debug|ARM = Debug|ARM
		Debug|iPhone = Debug|iPhone
		Debug|iPhoneSimulator = Debug|iPhoneSimulator
		Debug|x64 = Debug|x64
		Debug|x86 = Debug|x86
		Release|Any CPU = Release|Any CPU
		Release|ARM = Release|ARM
		Release|iPhone = Release|iPhone
		Release|iPhoneSimulator = Release|iPhoneSimulator
		Release|x64 = Release|x64
		Release|x86 = Release|x86
	EndGlobalSection
	GlobalSection(ProjectConfigurationPlatforms) = postSolution
		{45ED3191-4118-4C7F-A05B-32EEDAF06CCA}.Ad-Hoc|Any CPU.ActiveCfg = Release|Any CPU
		{45ED3191-4118-4C7F-A05B-32EEDAF06CCA}.Ad-Hoc|Any CPU.Build.0 = Release|Any CPU
		{45ED3191-4118-4C7F-A05B-32EEDAF06CCA}.Ad-Hoc|Any CPU.Deploy.0 = Release|Any CPU
		{45ED3191-4118-4C7F-A05B-32EEDAF06CCA}.Ad-Hoc|ARM.ActiveCfg = Release|Any CPU
		{45ED3191-4118-4C7F-A05B-32EEDAF06CCA}.Ad-Hoc|ARM.Build.0 = Release|Any CPU
		{45ED3191-4118-4C7F-A05B-32EEDAF06CCA}.Ad-Hoc|ARM.Deploy.0 = Release|Any CPU
		{45ED3191-4118-4C7F-A05B-32EEDAF06CCA}.Ad-Hoc|iPhone.ActiveCfg = Release|Any CPU
		{45ED3191-4118-4C7F-A05B-32EEDAF06CCA}.Ad-Hoc|iPhone.Build.0 = Release|Any CPU
		{45ED3191-4118-4C7F-A05B-32EEDAF06CCA}.Ad-Hoc|iPhone.Deploy.0 = Release|Any CPU
		{45ED3191-4118-4C7F-A05B-32EEDAF06CCA}.Ad-Hoc|iPhoneSimulator.ActiveCfg = Release|Any CPU
		{45ED3191-4118-4C7F-A05B-32EEDAF06CCA}.Ad-Hoc|iPhoneSimulator.Build.0 = Release|Any CPU
		{45ED3191-4118-4C7F-A05B-32EEDAF06CCA}.Ad-Hoc|iPhoneSimulator.Deploy.0 = Release|Any CPU
		{45ED3191-4118-4C7F-A05B-32EEDAF06CCA}.Ad-Hoc|x64.ActiveCfg = Release|Any CPU
		{45ED3191-4118-4C7F-A05B-32EEDAF06CCA}.Ad-Hoc|x64.Build.0 = Release|Any CPU
		{45ED3191-4118-4C7F-A05B-32EEDAF06CCA}.Ad-Hoc|x64.Deploy.0 = Release|Any CPU
		{45ED3191-4118-4C7F-A05B-32EEDAF06CCA}.Ad-Hoc|x86.ActiveCfg = Release|Any CPU
		{45ED3191-4118-4C7F-A05B-32EEDAF06CCA}.Ad-Hoc|x86.Build.0 = Release|Any CPU
		{45ED3191-4118-4C7F-A05B-32EEDAF06CCA}.Ad-Hoc|x86.Deploy.0 = Release|Any CPU
		{45ED3191-4118-4C7F-A05B-32EEDAF06CCA}.AppStore|Any CPU.ActiveCfg = Release|Any CPU
		{45ED3191-4118-4C7F-A05B-32EEDAF06CCA}.AppStore|Any CPU.Build.0 = Release|Any CPU
		{45ED3191-4118-4C7F-A05B-32EEDAF06CCA}.AppStore|Any CPU.Deploy.0 = Release|Any CPU
		{45ED3191-4118-4C7F-A05B-32EEDAF06CCA}.AppStore|ARM.ActiveCfg = Release|Any CPU
		{45ED3191-4118-4C7F-A05B-32EEDAF06CCA}.AppStore|ARM.Build.0 = Release|Any CPU
		{45ED3191-4118-4C7F-A05B-32EEDAF06CCA}.AppStore|ARM.Deploy.0 = Release|Any CPU
		{45ED3191-4118-4C7F-A05B-32EEDAF06CCA}.AppStore|iPhone.ActiveCfg = Release|Any CPU
		{45ED3191-4118-4C7F-A05B-32EEDAF06CCA}.AppStore|iPhone.Build.0 = Release|Any CPU
		{45ED3191-4118-4C7F-A05B-32EEDAF06CCA}.AppStore|iPhone.Deploy.0 = Release|Any CPU
		{45ED3191-4118-4C7F-A05B-32EEDAF06CCA}.AppStore|iPhoneSimulator.ActiveCfg = Release|Any CPU
		{45ED3191-4118-4C7F-A05B-32EEDAF06CCA}.AppStore|iPhoneSimulator.Build.0 = Release|Any CPU
		{45ED3191-4118-4C7F-A05B-32EEDAF06CCA}.AppStore|iPhoneSimulator.Deploy.0 = Release|Any CPU
		{45ED3191-4118-4C7F-A05B-32EEDAF06CCA}.AppStore|x64.ActiveCfg = Release|Any CPU
		{45ED3191-4118-4C7F-A05B-32EEDAF06CCA}.AppStore|x64.Build.0 = Release|Any CPU
		{45ED3191-4118-4C7F-A05B-32EEDAF06CCA}.AppStore|x64.Deploy.0 = Release|Any CPU
		{45ED3191-4118-4C7F-A05B-32EEDAF06CCA}.AppStore|x86.ActiveCfg = Release|Any CPU
		{45ED3191-4118-4C7F-A05B-32EEDAF06CCA}.AppStore|x86.Build.0 = Release|Any CPU
		{45ED3191-4118-4C7F-A05B-32EEDAF06CCA}.AppStore|x86.Deploy.0 = Release|Any CPU
		{45ED3191-4118-4C7F-A05B-32EEDAF06CCA}.Debug|Any CPU.ActiveCfg = Debug|Any CPU
		{45ED3191-4118-4C7F-A05B-32EEDAF06CCA}.Debug|Any CPU.Build.0 = Debug|Any CPU
		{45ED3191-4118-4C7F-A05B-32EEDAF06CCA}.Debug|Any CPU.Deploy.0 = Debug|Any CPU
		{45ED3191-4118-4C7F-A05B-32EEDAF06CCA}.Debug|ARM.ActiveCfg = Debug|Any CPU
		{45ED3191-4118-4C7F-A05B-32EEDAF06CCA}.Debug|ARM.Build.0 = Debug|Any CPU
		{45ED3191-4118-4C7F-A05B-32EEDAF06CCA}.Debug|ARM.Deploy.0 = Debug|Any CPU
		{45ED3191-4118-4C7F-A05B-32EEDAF06CCA}.Debug|iPhone.ActiveCfg = Debug|Any CPU
		{45ED3191-4118-4C7F-A05B-32EEDAF06CCA}.Debug|iPhone.Build.0 = Debug|Any CPU
		{45ED3191-4118-4C7F-A05B-32EEDAF06CCA}.Debug|iPhone.Deploy.0 = Debug|Any CPU
		{45ED3191-4118-4C7F-A05B-32EEDAF06CCA}.Debug|iPhoneSimulator.ActiveCfg = Debug|Any CPU
		{45ED3191-4118-4C7F-A05B-32EEDAF06CCA}.Debug|iPhoneSimulator.Build.0 = Debug|Any CPU
		{45ED3191-4118-4C7F-A05B-32EEDAF06CCA}.Debug|iPhoneSimulator.Deploy.0 = Debug|Any CPU
		{45ED3191-4118-4C7F-A05B-32EEDAF06CCA}.Debug|x64.ActiveCfg = Debug|Any CPU
		{45ED3191-4118-4C7F-A05B-32EEDAF06CCA}.Debug|x64.Build.0 = Debug|Any CPU
		{45ED3191-4118-4C7F-A05B-32EEDAF06CCA}.Debug|x64.Deploy.0 = Debug|Any CPU
		{45ED3191-4118-4C7F-A05B-32EEDAF06CCA}.Debug|x86.ActiveCfg = Debug|Any CPU
		{45ED3191-4118-4C7F-A05B-32EEDAF06CCA}.Debug|x86.Build.0 = Debug|Any CPU
		{45ED3191-4118-4C7F-A05B-32EEDAF06CCA}.Debug|x86.Deploy.0 = Debug|Any CPU
		{45ED3191-4118-4C7F-A05B-32EEDAF06CCA}.Release|Any CPU.ActiveCfg = Release|Any CPU
		{45ED3191-4118-4C7F-A05B-32EEDAF06CCA}.Release|Any CPU.Build.0 = Release|Any CPU
		{45ED3191-4118-4C7F-A05B-32EEDAF06CCA}.Release|Any CPU.Deploy.0 = Release|Any CPU
		{45ED3191-4118-4C7F-A05B-32EEDAF06CCA}.Release|ARM.ActiveCfg = Release|Any CPU
		{45ED3191-4118-4C7F-A05B-32EEDAF06CCA}.Release|ARM.Build.0 = Release|Any CPU
		{45ED3191-4118-4C7F-A05B-32EEDAF06CCA}.Release|ARM.Deploy.0 = Release|Any CPU
		{45ED3191-4118-4C7F-A05B-32EEDAF06CCA}.Release|iPhone.ActiveCfg = Release|Any CPU
		{45ED3191-4118-4C7F-A05B-32EEDAF06CCA}.Release|iPhone.Build.0 = Release|Any CPU
		{45ED3191-4118-4C7F-A05B-32EEDAF06CCA}.Release|iPhone.Deploy.0 = Release|Any CPU
		{45ED3191-4118-4C7F-A05B-32EEDAF06CCA}.Release|iPhoneSimulator.ActiveCfg = Release|Any CPU
		{45ED3191-4118-4C7F-A05B-32EEDAF06CCA}.Release|iPhoneSimulator.Build.0 = Release|Any CPU
		{45ED3191-4118-4C7F-A05B-32EEDAF06CCA}.Release|iPhoneSimulator.Deploy.0 = Release|Any CPU
		{45ED3191-4118-4C7F-A05B-32EEDAF06CCA}.Release|x64.ActiveCfg = Release|Any CPU
		{45ED3191-4118-4C7F-A05B-32EEDAF06CCA}.Release|x64.Build.0 = Release|Any CPU
		{45ED3191-4118-4C7F-A05B-32EEDAF06CCA}.Release|x64.Deploy.0 = Release|Any CPU
		{45ED3191-4118-4C7F-A05B-32EEDAF06CCA}.Release|x86.ActiveCfg = Release|Any CPU
		{45ED3191-4118-4C7F-A05B-32EEDAF06CCA}.Release|x86.Build.0 = Release|Any CPU
		{45ED3191-4118-4C7F-A05B-32EEDAF06CCA}.Release|x86.Deploy.0 = Release|Any CPU
		{F4B1706C-99B7-405F-93AA-104505C80163}.Ad-Hoc|Any CPU.ActiveCfg = Release|Any CPU
		{F4B1706C-99B7-405F-93AA-104505C80163}.Ad-Hoc|Any CPU.Build.0 = Release|Any CPU
		{F4B1706C-99B7-405F-93AA-104505C80163}.Ad-Hoc|ARM.ActiveCfg = Release|Any CPU
		{F4B1706C-99B7-405F-93AA-104505C80163}.Ad-Hoc|ARM.Build.0 = Release|Any CPU
		{F4B1706C-99B7-405F-93AA-104505C80163}.Ad-Hoc|iPhone.ActiveCfg = Release|Any CPU
		{F4B1706C-99B7-405F-93AA-104505C80163}.Ad-Hoc|iPhone.Build.0 = Release|Any CPU
		{F4B1706C-99B7-405F-93AA-104505C80163}.Ad-Hoc|iPhoneSimulator.ActiveCfg = Release|Any CPU
		{F4B1706C-99B7-405F-93AA-104505C80163}.Ad-Hoc|iPhoneSimulator.Build.0 = Release|Any CPU
		{F4B1706C-99B7-405F-93AA-104505C80163}.Ad-Hoc|x64.ActiveCfg = Release|Any CPU
		{F4B1706C-99B7-405F-93AA-104505C80163}.Ad-Hoc|x64.Build.0 = Release|Any CPU
		{F4B1706C-99B7-405F-93AA-104505C80163}.Ad-Hoc|x86.ActiveCfg = Release|Any CPU
		{F4B1706C-99B7-405F-93AA-104505C80163}.Ad-Hoc|x86.Build.0 = Release|Any CPU
		{F4B1706C-99B7-405F-93AA-104505C80163}.AppStore|Any CPU.ActiveCfg = Release|Any CPU
		{F4B1706C-99B7-405F-93AA-104505C80163}.AppStore|Any CPU.Build.0 = Release|Any CPU
		{F4B1706C-99B7-405F-93AA-104505C80163}.AppStore|ARM.ActiveCfg = Release|Any CPU
		{F4B1706C-99B7-405F-93AA-104505C80163}.AppStore|ARM.Build.0 = Release|Any CPU
		{F4B1706C-99B7-405F-93AA-104505C80163}.AppStore|iPhone.ActiveCfg = Release|Any CPU
		{F4B1706C-99B7-405F-93AA-104505C80163}.AppStore|iPhone.Build.0 = Release|Any CPU
		{F4B1706C-99B7-405F-93AA-104505C80163}.AppStore|iPhoneSimulator.ActiveCfg = Release|Any CPU
		{F4B1706C-99B7-405F-93AA-104505C80163}.AppStore|iPhoneSimulator.Build.0 = Release|Any CPU
		{F4B1706C-99B7-405F-93AA-104505C80163}.AppStore|x64.ActiveCfg = Release|Any CPU
		{F4B1706C-99B7-405F-93AA-104505C80163}.AppStore|x64.Build.0 = Release|Any CPU
		{F4B1706C-99B7-405F-93AA-104505C80163}.AppStore|x86.ActiveCfg = Release|Any CPU
		{F4B1706C-99B7-405F-93AA-104505C80163}.AppStore|x86.Build.0 = Release|Any CPU
		{F4B1706C-99B7-405F-93AA-104505C80163}.Debug|Any CPU.ActiveCfg = Debug|Any CPU
		{F4B1706C-99B7-405F-93AA-104505C80163}.Debug|Any CPU.Build.0 = Debug|Any CPU
		{F4B1706C-99B7-405F-93AA-104505C80163}.Debug|ARM.ActiveCfg = Debug|Any CPU
		{F4B1706C-99B7-405F-93AA-104505C80163}.Debug|ARM.Build.0 = Debug|Any CPU
		{F4B1706C-99B7-405F-93AA-104505C80163}.Debug|iPhone.ActiveCfg = Debug|Any CPU
		{F4B1706C-99B7-405F-93AA-104505C80163}.Debug|iPhone.Build.0 = Debug|Any CPU
		{F4B1706C-99B7-405F-93AA-104505C80163}.Debug|iPhoneSimulator.ActiveCfg = Debug|Any CPU
		{F4B1706C-99B7-405F-93AA-104505C80163}.Debug|iPhoneSimulator.Build.0 = Debug|Any CPU
		{F4B1706C-99B7-405F-93AA-104505C80163}.Debug|x64.ActiveCfg = Debug|Any CPU
		{F4B1706C-99B7-405F-93AA-104505C80163}.Debug|x64.Build.0 = Debug|Any CPU
		{F4B1706C-99B7-405F-93AA-104505C80163}.Debug|x86.ActiveCfg = Debug|Any CPU
		{F4B1706C-99B7-405F-93AA-104505C80163}.Debug|x86.Build.0 = Debug|Any CPU
		{F4B1706C-99B7-405F-93AA-104505C80163}.Release|Any CPU.ActiveCfg = Release|Any CPU
		{F4B1706C-99B7-405F-93AA-104505C80163}.Release|Any CPU.Build.0 = Release|Any CPU
		{F4B1706C-99B7-405F-93AA-104505C80163}.Release|ARM.ActiveCfg = Release|Any CPU
		{F4B1706C-99B7-405F-93AA-104505C80163}.Release|ARM.Build.0 = Release|Any CPU
		{F4B1706C-99B7-405F-93AA-104505C80163}.Release|iPhone.ActiveCfg = Release|Any CPU
		{F4B1706C-99B7-405F-93AA-104505C80163}.Release|iPhone.Build.0 = Release|Any CPU
		{F4B1706C-99B7-405F-93AA-104505C80163}.Release|iPhoneSimulator.ActiveCfg = Release|Any CPU
		{F4B1706C-99B7-405F-93AA-104505C80163}.Release|iPhoneSimulator.Build.0 = Release|Any CPU
		{F4B1706C-99B7-405F-93AA-104505C80163}.Release|x64.ActiveCfg = Release|Any CPU
		{F4B1706C-99B7-405F-93AA-104505C80163}.Release|x64.Build.0 = Release|Any CPU
		{F4B1706C-99B7-405F-93AA-104505C80163}.Release|x86.ActiveCfg = Release|Any CPU
		{F4B1706C-99B7-405F-93AA-104505C80163}.Release|x86.Build.0 = Release|Any CPU
		{3E89D584-90E0-4EE6-A147-0521A73E37E0}.Ad-Hoc|Any CPU.ActiveCfg = Release|x86
		{3E89D584-90E0-4EE6-A147-0521A73E37E0}.Ad-Hoc|Any CPU.Build.0 = Release|x86
		{3E89D584-90E0-4EE6-A147-0521A73E37E0}.Ad-Hoc|Any CPU.Deploy.0 = Release|x86
		{3E89D584-90E0-4EE6-A147-0521A73E37E0}.Ad-Hoc|ARM.ActiveCfg = Release|ARM
		{3E89D584-90E0-4EE6-A147-0521A73E37E0}.Ad-Hoc|ARM.Build.0 = Release|ARM
		{3E89D584-90E0-4EE6-A147-0521A73E37E0}.Ad-Hoc|ARM.Deploy.0 = Release|ARM
		{3E89D584-90E0-4EE6-A147-0521A73E37E0}.Ad-Hoc|iPhone.ActiveCfg = Release|x86
		{3E89D584-90E0-4EE6-A147-0521A73E37E0}.Ad-Hoc|iPhone.Build.0 = Release|x86
		{3E89D584-90E0-4EE6-A147-0521A73E37E0}.Ad-Hoc|iPhone.Deploy.0 = Release|x86
		{3E89D584-90E0-4EE6-A147-0521A73E37E0}.Ad-Hoc|iPhoneSimulator.ActiveCfg = Release|x86
		{3E89D584-90E0-4EE6-A147-0521A73E37E0}.Ad-Hoc|iPhoneSimulator.Build.0 = Release|x86
		{3E89D584-90E0-4EE6-A147-0521A73E37E0}.Ad-Hoc|iPhoneSimulator.Deploy.0 = Release|x86
		{3E89D584-90E0-4EE6-A147-0521A73E37E0}.Ad-Hoc|x64.ActiveCfg = Release|x64
		{3E89D584-90E0-4EE6-A147-0521A73E37E0}.Ad-Hoc|x64.Build.0 = Release|x64
		{3E89D584-90E0-4EE6-A147-0521A73E37E0}.Ad-Hoc|x64.Deploy.0 = Release|x64
		{3E89D584-90E0-4EE6-A147-0521A73E37E0}.Ad-Hoc|x86.ActiveCfg = Release|x86
		{3E89D584-90E0-4EE6-A147-0521A73E37E0}.Ad-Hoc|x86.Build.0 = Release|x86
		{3E89D584-90E0-4EE6-A147-0521A73E37E0}.Ad-Hoc|x86.Deploy.0 = Release|x86
		{3E89D584-90E0-4EE6-A147-0521A73E37E0}.AppStore|Any CPU.ActiveCfg = Release|x86
		{3E89D584-90E0-4EE6-A147-0521A73E37E0}.AppStore|Any CPU.Build.0 = Release|x86
		{3E89D584-90E0-4EE6-A147-0521A73E37E0}.AppStore|Any CPU.Deploy.0 = Release|x86
		{3E89D584-90E0-4EE6-A147-0521A73E37E0}.AppStore|ARM.ActiveCfg = Release|ARM
		{3E89D584-90E0-4EE6-A147-0521A73E37E0}.AppStore|ARM.Build.0 = Release|ARM
		{3E89D584-90E0-4EE6-A147-0521A73E37E0}.AppStore|ARM.Deploy.0 = Release|ARM
		{3E89D584-90E0-4EE6-A147-0521A73E37E0}.AppStore|iPhone.ActiveCfg = Release|x86
		{3E89D584-90E0-4EE6-A147-0521A73E37E0}.AppStore|iPhone.Build.0 = Release|x86
		{3E89D584-90E0-4EE6-A147-0521A73E37E0}.AppStore|iPhone.Deploy.0 = Release|x86
		{3E89D584-90E0-4EE6-A147-0521A73E37E0}.AppStore|iPhoneSimulator.ActiveCfg = Release|x86
		{3E89D584-90E0-4EE6-A147-0521A73E37E0}.AppStore|iPhoneSimulator.Build.0 = Release|x86
		{3E89D584-90E0-4EE6-A147-0521A73E37E0}.AppStore|iPhoneSimulator.Deploy.0 = Release|x86
		{3E89D584-90E0-4EE6-A147-0521A73E37E0}.AppStore|x64.ActiveCfg = Release|x64
		{3E89D584-90E0-4EE6-A147-0521A73E37E0}.AppStore|x64.Build.0 = Release|x64
		{3E89D584-90E0-4EE6-A147-0521A73E37E0}.AppStore|x64.Deploy.0 = Release|x64
		{3E89D584-90E0-4EE6-A147-0521A73E37E0}.AppStore|x86.ActiveCfg = Release|x86
		{3E89D584-90E0-4EE6-A147-0521A73E37E0}.AppStore|x86.Build.0 = Release|x86
		{3E89D584-90E0-4EE6-A147-0521A73E37E0}.AppStore|x86.Deploy.0 = Release|x86
		{3E89D584-90E0-4EE6-A147-0521A73E37E0}.Debug|Any CPU.ActiveCfg = Debug|x86
		{3E89D584-90E0-4EE6-A147-0521A73E37E0}.Debug|ARM.ActiveCfg = Debug|ARM
		{3E89D584-90E0-4EE6-A147-0521A73E37E0}.Debug|ARM.Build.0 = Debug|ARM
		{3E89D584-90E0-4EE6-A147-0521A73E37E0}.Debug|ARM.Deploy.0 = Debug|ARM
		{3E89D584-90E0-4EE6-A147-0521A73E37E0}.Debug|iPhone.ActiveCfg = Debug|x86
		{3E89D584-90E0-4EE6-A147-0521A73E37E0}.Debug|iPhoneSimulator.ActiveCfg = Debug|x86
		{3E89D584-90E0-4EE6-A147-0521A73E37E0}.Debug|x64.ActiveCfg = Debug|x64
		{3E89D584-90E0-4EE6-A147-0521A73E37E0}.Debug|x64.Build.0 = Debug|x64
		{3E89D584-90E0-4EE6-A147-0521A73E37E0}.Debug|x64.Deploy.0 = Debug|x64
		{3E89D584-90E0-4EE6-A147-0521A73E37E0}.Debug|x86.ActiveCfg = Debug|x86
		{3E89D584-90E0-4EE6-A147-0521A73E37E0}.Debug|x86.Build.0 = Debug|x86
		{3E89D584-90E0-4EE6-A147-0521A73E37E0}.Debug|x86.Deploy.0 = Debug|x86
		{3E89D584-90E0-4EE6-A147-0521A73E37E0}.Release|Any CPU.ActiveCfg = Release|x86
		{3E89D584-90E0-4EE6-A147-0521A73E37E0}.Release|ARM.ActiveCfg = Release|ARM
		{3E89D584-90E0-4EE6-A147-0521A73E37E0}.Release|ARM.Build.0 = Release|ARM
		{3E89D584-90E0-4EE6-A147-0521A73E37E0}.Release|ARM.Deploy.0 = Release|ARM
		{3E89D584-90E0-4EE6-A147-0521A73E37E0}.Release|iPhone.ActiveCfg = Release|x86
		{3E89D584-90E0-4EE6-A147-0521A73E37E0}.Release|iPhoneSimulator.ActiveCfg = Release|x86
		{3E89D584-90E0-4EE6-A147-0521A73E37E0}.Release|x64.ActiveCfg = Release|x64
		{3E89D584-90E0-4EE6-A147-0521A73E37E0}.Release|x64.Build.0 = Release|x64
		{3E89D584-90E0-4EE6-A147-0521A73E37E0}.Release|x64.Deploy.0 = Release|x64
		{3E89D584-90E0-4EE6-A147-0521A73E37E0}.Release|x86.ActiveCfg = Release|x86
		{3E89D584-90E0-4EE6-A147-0521A73E37E0}.Release|x86.Build.0 = Release|x86
		{3E89D584-90E0-4EE6-A147-0521A73E37E0}.Release|x86.Deploy.0 = Release|x86
		{AD1D05D9-3031-49AC-A104-3CC47B3D0003}.Ad-Hoc|Any CPU.ActiveCfg = Ad-Hoc|iPhone
		{AD1D05D9-3031-49AC-A104-3CC47B3D0003}.Ad-Hoc|ARM.ActiveCfg = Ad-Hoc|iPhone
		{AD1D05D9-3031-49AC-A104-3CC47B3D0003}.Ad-Hoc|iPhone.ActiveCfg = Ad-Hoc|iPhone
		{AD1D05D9-3031-49AC-A104-3CC47B3D0003}.Ad-Hoc|iPhone.Build.0 = Ad-Hoc|iPhone
		{AD1D05D9-3031-49AC-A104-3CC47B3D0003}.Ad-Hoc|iPhoneSimulator.ActiveCfg = Ad-Hoc|iPhoneSimulator
		{AD1D05D9-3031-49AC-A104-3CC47B3D0003}.Ad-Hoc|iPhoneSimulator.Build.0 = Ad-Hoc|iPhoneSimulator
		{AD1D05D9-3031-49AC-A104-3CC47B3D0003}.Ad-Hoc|x64.ActiveCfg = Ad-Hoc|iPhone
		{AD1D05D9-3031-49AC-A104-3CC47B3D0003}.Ad-Hoc|x86.ActiveCfg = Ad-Hoc|iPhone
		{AD1D05D9-3031-49AC-A104-3CC47B3D0003}.AppStore|Any CPU.ActiveCfg = AppStore|iPhone
		{AD1D05D9-3031-49AC-A104-3CC47B3D0003}.AppStore|ARM.ActiveCfg = AppStore|iPhone
		{AD1D05D9-3031-49AC-A104-3CC47B3D0003}.AppStore|iPhone.ActiveCfg = AppStore|iPhone
		{AD1D05D9-3031-49AC-A104-3CC47B3D0003}.AppStore|iPhone.Build.0 = AppStore|iPhone
		{AD1D05D9-3031-49AC-A104-3CC47B3D0003}.AppStore|iPhoneSimulator.ActiveCfg = AppStore|iPhoneSimulator
		{AD1D05D9-3031-49AC-A104-3CC47B3D0003}.AppStore|iPhoneSimulator.Build.0 = AppStore|iPhoneSimulator
		{AD1D05D9-3031-49AC-A104-3CC47B3D0003}.AppStore|x64.ActiveCfg = AppStore|iPhone
		{AD1D05D9-3031-49AC-A104-3CC47B3D0003}.AppStore|x86.ActiveCfg = AppStore|iPhone
		{AD1D05D9-3031-49AC-A104-3CC47B3D0003}.Debug|Any CPU.ActiveCfg = Debug|iPhone
		{AD1D05D9-3031-49AC-A104-3CC47B3D0003}.Debug|ARM.ActiveCfg = Debug|iPhone
		{AD1D05D9-3031-49AC-A104-3CC47B3D0003}.Debug|iPhone.ActiveCfg = Debug|iPhone
		{AD1D05D9-3031-49AC-A104-3CC47B3D0003}.Debug|iPhone.Build.0 = Debug|iPhone
		{AD1D05D9-3031-49AC-A104-3CC47B3D0003}.Debug|iPhoneSimulator.ActiveCfg = Debug|iPhoneSimulator
		{AD1D05D9-3031-49AC-A104-3CC47B3D0003}.Debug|iPhoneSimulator.Build.0 = Debug|iPhoneSimulator
		{AD1D05D9-3031-49AC-A104-3CC47B3D0003}.Debug|x64.ActiveCfg = Debug|iPhone
		{AD1D05D9-3031-49AC-A104-3CC47B3D0003}.Debug|x86.ActiveCfg = Debug|iPhone
		{AD1D05D9-3031-49AC-A104-3CC47B3D0003}.Release|Any CPU.ActiveCfg = Release|iPhone
		{AD1D05D9-3031-49AC-A104-3CC47B3D0003}.Release|ARM.ActiveCfg = Release|iPhone
		{AD1D05D9-3031-49AC-A104-3CC47B3D0003}.Release|iPhone.ActiveCfg = Release|iPhone
		{AD1D05D9-3031-49AC-A104-3CC47B3D0003}.Release|iPhone.Build.0 = Release|iPhone
		{AD1D05D9-3031-49AC-A104-3CC47B3D0003}.Release|iPhoneSimulator.ActiveCfg = Release|iPhoneSimulator
		{AD1D05D9-3031-49AC-A104-3CC47B3D0003}.Release|iPhoneSimulator.Build.0 = Release|iPhoneSimulator
		{AD1D05D9-3031-49AC-A104-3CC47B3D0003}.Release|x64.ActiveCfg = Release|iPhone
		{AD1D05D9-3031-49AC-A104-3CC47B3D0003}.Release|x86.ActiveCfg = Release|iPhone
	EndGlobalSection
	GlobalSection(SolutionProperties) = preSolution
		HideSolutionNode = FALSE
	EndGlobalSection
EndGlobal
